
Microsoft Visual Studio Solution File, Format Version 12.00
# Visual Studio Version 17
VisualStudioVersion = 17.5.33502.453
MinimumVisualStudioVersion = 10.0.40219.1
Project("{FAE04EC0-301F-11D3-BF4B-00C04F79EFBC}") = "exercicio 9", "exercicio 9\exercicio 9.csproj", "{929192EA-6922-4A36-8454-7F54188CAE84}"
EndProject
Global
	GlobalSection(SolutionConfigurationPlatforms) = preSolution
		Debug|Any CPU = Debug|Any CPU
		Release|Any CPU = Release|Any CPU
	EndGlobalSection
	GlobalSection(ProjectConfigurationPlatforms) = postSolution
		{929192EA-6922-4A36-8454-7F54188CAE84}.Debug|Any CPU.ActiveCfg = Debug|Any CPU
		{929192EA-6922-4A36-8454-7F54188CAE84}.Debug|Any CPU.Build.0 = Debug|Any CPU
		{929192EA-6922-4A36-8454-7F54188CAE84}.Release|Any CPU.ActiveCfg = Release|Any CPU
		{929192EA-6922-4A36-8454-7F54188CAE84}.Release|Any CPU.Build.0 = Release|Any CPU
	EndGlobalSection
	GlobalSection(SolutionProperties) = preSolution
		HideSolutionNode = FALSE
	EndGlobalSection
	GlobalSection(ExtensibilityGlobals) = postSolution
		SolutionGuid = {4B86BA91-2EB5-4679-8034-678C23550D6F}
	EndGlobalSection
EndGlobal
